// !$*UTF8*$!
{
	archiveVersion = 1;
	classes = {
	};
	objectVersion = 46;
	objects = {

/* Begin PBXBuildFile section */
		63F804381AB8ACA800E4DEE1 /* OMGHTTPURLRQ.framework in Frameworks */ = {isa = PBXBuildFile; fileRef = 63F804341AB8AAA300E4DEE1 /* OMGHTTPURLRQ.framework */; };
		E222059E1C28ECED0034DE78 /* OMGUserAgent.swift in Sources */ = {isa = PBXBuildFile; fileRef = E222059D1C28ECED0034DE78 /* OMGUserAgent.swift */; };
		E222059F1C28ECED0034DE78 /* OMGUserAgent.swift in Sources */ = {isa = PBXBuildFile; fileRef = E222059D1C28ECED0034DE78 /* OMGUserAgent.swift */; };
		E22205A11C28ECED0034DE78 /* OMGUserAgent.swift in Sources */ = {isa = PBXBuildFile; fileRef = E222059D1C28ECED0034DE78 /* OMGUserAgent.swift */; };
		E22205A61C28F1030034DE78 /* OMGFormURLEncode.swift in Sources */ = {isa = PBXBuildFile; fileRef = E22205A51C28F1030034DE78 /* OMGFormURLEncode.swift */; };
		E22205A71C28F1030034DE78 /* OMGFormURLEncode.swift in Sources */ = {isa = PBXBuildFile; fileRef = E22205A51C28F1030034DE78 /* OMGFormURLEncode.swift */; };
		E22205A81C28F1030034DE78 /* OMGFormURLEncode.swift in Sources */ = {isa = PBXBuildFile; fileRef = E22205A51C28F1030034DE78 /* OMGFormURLEncode.swift */; };
		E22205AA1C28F8310034DE78 /* OMGHTTPURLRQ.swift in Sources */ = {isa = PBXBuildFile; fileRef = E22205A91C28F8310034DE78 /* OMGHTTPURLRQ.swift */; };
		E22205AB1C28F8310034DE78 /* OMGHTTPURLRQ.swift in Sources */ = {isa = PBXBuildFile; fileRef = E22205A91C28F8310034DE78 /* OMGHTTPURLRQ.swift */; };
		E22205AC1C28F8310034DE78 /* OMGHTTPURLRQ.swift in Sources */ = {isa = PBXBuildFile; fileRef = E22205A91C28F8310034DE78 /* OMGHTTPURLRQ.swift */; };
		E23DEA811C290D6500971024 /* OMGFormURLEncodeTestCase.swift in Sources */ = {isa = PBXBuildFile; fileRef = E23DEA801C290D6500971024 /* OMGFormURLEncodeTestCase.swift */; };
/* End PBXBuildFile section */

/* Begin PBXContainerItemProxy section */
		63F804361AB8AC6700E4DEE1 /* PBXContainerItemProxy */ = {
			isa = PBXContainerItemProxy;
			containerPortal = 63EDFE671A7FFCF10030F974 /* Project object */;
			proxyType = 1;
			remoteGlobalIDString = 63F804261AB8AAA300E4DEE1;
			remoteInfo = OMGOSX;
		};
/* End PBXContainerItemProxy section */

/* Begin PBXFileReference section */
		43EDF3D11BCC3C0900159436 /* OMGHTTPURLRQ.framework */ = {isa = PBXFileReference; explicitFileType = wrapper.framework; includeInIndex = 0; path = OMGHTTPURLRQ.framework; sourceTree = BUILT_PRODUCTS_DIR; };
		635FC0261AB8AE4600E3CFFE /* Info.plist */ = {isa = PBXFileReference; fileEncoding = 4; lastKnownFileType = text.plist.xml; path = Info.plist; sourceTree = "<group>"; };
		63EDFE721A7FFD0E0030F974 /* OMGHTTPURLRQ.framework */ = {isa = PBXFileReference; explicitFileType = wrapper.framework; includeInIndex = 0; path = OMGHTTPURLRQ.framework; sourceTree = BUILT_PRODUCTS_DIR; };
		63EDFE7D1A7FFD0E0030F974 /* OMGTest.xctest */ = {isa = PBXFileReference; explicitFileType = wrapper.cfbundle; includeInIndex = 0; path = OMGTest.xctest; sourceTree = BUILT_PRODUCTS_DIR; };
		63F804341AB8AAA300E4DEE1 /* OMGHTTPURLRQ.framework */ = {isa = PBXFileReference; explicitFileType = wrapper.framework; includeInIndex = 0; path = OMGHTTPURLRQ.framework; sourceTree = BUILT_PRODUCTS_DIR; };
		E222059D1C28ECED0034DE78 /* OMGUserAgent.swift */ = {isa = PBXFileReference; fileEncoding = 4; lastKnownFileType = sourcecode.swift; name = OMGUserAgent.swift; path = Sources/OMGUserAgent.swift; sourceTree = "<group>"; };
		E22205A51C28F1030034DE78 /* OMGFormURLEncode.swift */ = {isa = PBXFileReference; fileEncoding = 4; lastKnownFileType = sourcecode.swift; name = OMGFormURLEncode.swift; path = Sources/OMGFormURLEncode.swift; sourceTree = "<group>"; };
		E22205A91C28F8310034DE78 /* OMGHTTPURLRQ.swift */ = {isa = PBXFileReference; fileEncoding = 4; lastKnownFileType = sourcecode.swift; name = OMGHTTPURLRQ.swift; path = Sources/OMGHTTPURLRQ.swift; sourceTree = "<group>"; };
		E23DEA801C290D6500971024 /* OMGFormURLEncodeTestCase.swift */ = {isa = PBXFileReference; fileEncoding = 4; lastKnownFileType = sourcecode.swift; name = OMGFormURLEncodeTestCase.swift; path = Tests/OMGFormURLEncodeTestCase.swift; sourceTree = "<group>"; };
/* End PBXFileReference section */

/* Begin PBXFrameworksBuildPhase section */
		43EDF3C81BCC3C0900159436 /* Frameworks */ = {
			isa = PBXFrameworksBuildPhase;
			buildActionMask = 2147483647;
			files = (
			);
			runOnlyForDeploymentPostprocessing = 0;
		};
		63EDFE6E1A7FFD0E0030F974 /* Frameworks */ = {
			isa = PBXFrameworksBuildPhase;
			buildActionMask = 2147483647;
			files = (
			);
			runOnlyForDeploymentPostprocessing = 0;
		};
		63EDFE7A1A7FFD0E0030F974 /* Frameworks */ = {
			isa = PBXFrameworksBuildPhase;
			buildActionMask = 2147483647;
			files = (
				63F804381AB8ACA800E4DEE1 /* OMGHTTPURLRQ.framework in Frameworks */,
			);
			runOnlyForDeploymentPostprocessing = 0;
		};
		63F8042B1AB8AAA300E4DEE1 /* Frameworks */ = {
			isa = PBXFrameworksBuildPhase;
			buildActionMask = 2147483647;
			files = (
			);
			runOnlyForDeploymentPostprocessing = 0;
		};
/* End PBXFrameworksBuildPhase section */

/* Begin PBXGroup section */
		636A05031A7FFFDA00EA66E1 /* Tests */ = {
			isa = PBXGroup;
			children = (
				E23DEA801C290D6500971024 /* OMGFormURLEncodeTestCase.swift */,
			);
			name = Tests;
			sourceTree = "<group>";
		};
		63EDFE661A7FFCF10030F974 = {
			isa = PBXGroup;
			children = (
				E22205A91C28F8310034DE78 /* OMGHTTPURLRQ.swift */,
				E22205A51C28F1030034DE78 /* OMGFormURLEncode.swift */,
				E222059D1C28ECED0034DE78 /* OMGUserAgent.swift */,
				636A05031A7FFFDA00EA66E1 /* Tests */,
				63EDFE731A7FFD0E0030F974 /* Products */,
				635FC0261AB8AE4600E3CFFE /* Info.plist */,
			);
			sourceTree = "<group>";
		};
		63EDFE731A7FFD0E0030F974 /* Products */ = {
			isa = PBXGroup;
			children = (
				63EDFE721A7FFD0E0030F974 /* OMGHTTPURLRQ.framework */,
				63EDFE7D1A7FFD0E0030F974 /* OMGTest.xctest */,
				63F804341AB8AAA300E4DEE1 /* OMGHTTPURLRQ.framework */,
				43EDF3D11BCC3C0900159436 /* OMGHTTPURLRQ.framework */,
			);
			name = Products;
			sourceTree = "<group>";
		};
/* End PBXGroup section */

/* Begin PBXHeadersBuildPhase section */
		43EDF3C91BCC3C0900159436 /* Headers */ = {
			isa = PBXHeadersBuildPhase;
			buildActionMask = 2147483647;
			files = (
			);
			runOnlyForDeploymentPostprocessing = 0;
		};
		63EDFE6F1A7FFD0E0030F974 /* Headers */ = {
			isa = PBXHeadersBuildPhase;
			buildActionMask = 2147483647;
			files = (
			);
			runOnlyForDeploymentPostprocessing = 0;
		};
		63F8042C1AB8AAA300E4DEE1 /* Headers */ = {
			isa = PBXHeadersBuildPhase;
			buildActionMask = 2147483647;
			files = (
			);
			runOnlyForDeploymentPostprocessing = 0;
		};
/* End PBXHeadersBuildPhase section */

/* Begin PBXNativeTarget section */
		43EDF3C31BCC3C0900159436 /* OMGwatchOS */ = {
			isa = PBXNativeTarget;
			buildConfigurationList = 43EDF3CE1BCC3C0900159436 /* Build configuration list for PBXNativeTarget "OMGwatchOS" */;
			buildPhases = (
				43EDF3C41BCC3C0900159436 /* Sources */,
				43EDF3C81BCC3C0900159436 /* Frameworks */,
				43EDF3C91BCC3C0900159436 /* Headers */,
				43EDF3CD1BCC3C0900159436 /* Resources */,
			);
			buildRules = (
			);
			dependencies = (
			);
			name = OMGwatchOS;
			productName = OMGHTTPURLRQ;
			productReference = 43EDF3D11BCC3C0900159436 /* OMGHTTPURLRQ.framework */;
			productType = "com.apple.product-type.framework";
		};
		63EDFE711A7FFD0E0030F974 /* OMGiOS */ = {
			isa = PBXNativeTarget;
			buildConfigurationList = 63EDFE861A7FFD0E0030F974 /* Build configuration list for PBXNativeTarget "OMGiOS" */;
			buildPhases = (
				63EDFE6D1A7FFD0E0030F974 /* Sources */,
				63EDFE6E1A7FFD0E0030F974 /* Frameworks */,
				63EDFE6F1A7FFD0E0030F974 /* Headers */,
				63EDFE701A7FFD0E0030F974 /* Resources */,
			);
			buildRules = (
			);
			dependencies = (
			);
			name = OMGiOS;
			productName = OMGHTTPURLRQ;
			productReference = 63EDFE721A7FFD0E0030F974 /* OMGHTTPURLRQ.framework */;
			productType = "com.apple.product-type.framework";
		};
		63EDFE7C1A7FFD0E0030F974 /* OMGTest */ = {
			isa = PBXNativeTarget;
			buildConfigurationList = 63EDFE891A7FFD0E0030F974 /* Build configuration list for PBXNativeTarget "OMGTest" */;
			buildPhases = (
				63EDFE791A7FFD0E0030F974 /* Sources */,
				63EDFE7A1A7FFD0E0030F974 /* Frameworks */,
				63EDFE7B1A7FFD0E0030F974 /* Resources */,
			);
			buildRules = (
			);
			dependencies = (
				63F804371AB8AC6700E4DEE1 /* PBXTargetDependency */,
			);
			name = OMGTest;
			productName = OMGHTTPURLRQTests;
			productReference = 63EDFE7D1A7FFD0E0030F974 /* OMGTest.xctest */;
			productType = "com.apple.product-type.bundle.unit-test";
		};
		63F804261AB8AAA300E4DEE1 /* OMGOSX */ = {
			isa = PBXNativeTarget;
			buildConfigurationList = 63F804311AB8AAA300E4DEE1 /* Build configuration list for PBXNativeTarget "OMGOSX" */;
			buildPhases = (
				63F804271AB8AAA300E4DEE1 /* Sources */,
				63F8042B1AB8AAA300E4DEE1 /* Frameworks */,
				63F8042C1AB8AAA300E4DEE1 /* Headers */,
				63F804301AB8AAA300E4DEE1 /* Resources */,
			);
			buildRules = (
			);
			dependencies = (
			);
			name = OMGOSX;
			productName = OMGHTTPURLRQ;
			productReference = 63F804341AB8AAA300E4DEE1 /* OMGHTTPURLRQ.framework */;
			productType = "com.apple.product-type.framework";
		};
/* End PBXNativeTarget section */

/* Begin PBXProject section */
		63EDFE671A7FFCF10030F974 /* Project object */ = {
			isa = PBXProject;
			attributes = {
				LastSwiftUpdateCheck = 0720;
				LastUpgradeCheck = 0700;
				TargetAttributes = {
					63EDFE711A7FFD0E0030F974 = {
						CreatedOnToolsVersion = 6.1.1;
					};
					63EDFE7C1A7FFD0E0030F974 = {
						CreatedOnToolsVersion = 6.1.1;
					};
				};
			};
			buildConfigurationList = 63EDFE6A1A7FFCF10030F974 /* Build configuration list for PBXProject "OMGHTTPURLRQ" */;
			compatibilityVersion = "Xcode 3.2";
			developmentRegion = English;
			hasScannedForEncodings = 0;
			knownRegions = (
				en,
			);
			mainGroup = 63EDFE661A7FFCF10030F974;
			productRefGroup = 63EDFE731A7FFD0E0030F974 /* Products */;
			projectDirPath = "";
			projectRoot = "";
			targets = (
				63EDFE711A7FFD0E0030F974 /* OMGiOS */,
				63F804261AB8AAA300E4DEE1 /* OMGOSX */,
				63EDFE7C1A7FFD0E0030F974 /* OMGTest */,
				43EDF3C31BCC3C0900159436 /* OMGwatchOS */,
			);
		};
/* End PBXProject section */

/* Begin PBXResourcesBuildPhase section */
		43EDF3CD1BCC3C0900159436 /* Resources */ = {
			isa = PBXResourcesBuildPhase;
			buildActionMask = 2147483647;
			files = (
			);
			runOnlyForDeploymentPostprocessing = 0;
		};
		63EDFE701A7FFD0E0030F974 /* Resources */ = {
			isa = PBXResourcesBuildPhase;
			buildActionMask = 2147483647;
			files = (
			);
			runOnlyForDeploymentPostprocessing = 0;
		};
		63EDFE7B1A7FFD0E0030F974 /* Resources */ = {
			isa = PBXResourcesBuildPhase;
			buildActionMask = 2147483647;
			files = (
			);
			runOnlyForDeploymentPostprocessing = 0;
		};
		63F804301AB8AAA300E4DEE1 /* Resources */ = {
			isa = PBXResourcesBuildPhase;
			buildActionMask = 2147483647;
			files = (
			);
			runOnlyForDeploymentPostprocessing = 0;
		};
/* End PBXResourcesBuildPhase section */

/* Begin PBXSourcesBuildPhase section */
		43EDF3C41BCC3C0900159436 /* Sources */ = {
			isa = PBXSourcesBuildPhase;
			buildActionMask = 2147483647;
			files = (
				E22205A81C28F1030034DE78 /* OMGFormURLEncode.swift in Sources */,
				E22205AC1C28F8310034DE78 /* OMGHTTPURLRQ.swift in Sources */,
				E22205A11C28ECED0034DE78 /* OMGUserAgent.swift in Sources */,
			);
			runOnlyForDeploymentPostprocessing = 0;
		};
		63EDFE6D1A7FFD0E0030F974 /* Sources */ = {
			isa = PBXSourcesBuildPhase;
			buildActionMask = 2147483647;
			files = (
				E22205A61C28F1030034DE78 /* OMGFormURLEncode.swift in Sources */,
				E22205AA1C28F8310034DE78 /* OMGHTTPURLRQ.swift in Sources */,
				E222059E1C28ECED0034DE78 /* OMGUserAgent.swift in Sources */,
			);
			runOnlyForDeploymentPostprocessing = 0;
		};
		63EDFE791A7FFD0E0030F974 /* Sources */ = {
			isa = PBXSourcesBuildPhase;
			buildActionMask = 2147483647;
			files = (
				E23DEA811C290D6500971024 /* OMGFormURLEncodeTestCase.swift in Sources */,
			);
			runOnlyForDeploymentPostprocessing = 0;
		};
		63F804271AB8AAA300E4DEE1 /* Sources */ = {
			isa = PBXSourcesBuildPhase;
			buildActionMask = 2147483647;
			files = (
				E22205A71C28F1030034DE78 /* OMGFormURLEncode.swift in Sources */,
				E22205AB1C28F8310034DE78 /* OMGHTTPURLRQ.swift in Sources */,
				E222059F1C28ECED0034DE78 /* OMGUserAgent.swift in Sources */,
			);
			runOnlyForDeploymentPostprocessing = 0;
		};
/* End PBXSourcesBuildPhase section */

/* Begin PBXTargetDependency section */
		63F804371AB8AC6700E4DEE1 /* PBXTargetDependency */ = {
			isa = PBXTargetDependency;
			target = 63F804261AB8AAA300E4DEE1 /* OMGOSX */;
			targetProxy = 63F804361AB8AC6700E4DEE1 /* PBXContainerItemProxy */;
		};
/* End PBXTargetDependency section */

/* Begin XCBuildConfiguration section */
		43EDF3CF1BCC3C0900159436 /* Debug */ = {
			isa = XCBuildConfiguration;
			buildSettings = {
				CLANG_ENABLE_MODULES = YES;
				CODE_SIGN_IDENTITY = "iPhone Developer";
				DEFINES_MODULE = YES;
				INFOPLIST_FILE = Info.plist;
				LD_RUNPATH_SEARCH_PATHS = "$(inherited) @executable_path/../Frameworks @loader_path/Frameworks";
				PRODUCT_BUNDLE_IDENTIFIER = "dev.mxcl.$(PRODUCT_NAME:rfc1034identifier)";
				PRODUCT_NAME = OMGHTTPURLRQ;
				SDKROOT = watchos;
				SWIFT_OPTIMIZATION_LEVEL = "-Onone";
				TARGETED_DEVICE_FAMILY = "1,2";
			};
			name = Debug;
		};
		43EDF3D01BCC3C0900159436 /* Release */ = {
			isa = XCBuildConfiguration;
			buildSettings = {
				CLANG_ENABLE_MODULES = YES;
				CODE_SIGN_IDENTITY = "iPhone Developer";
				DEFINES_MODULE = YES;
				INFOPLIST_FILE = Info.plist;
				LD_RUNPATH_SEARCH_PATHS = "$(inherited) @executable_path/../Frameworks @loader_path/Frameworks";
				PRODUCT_BUNDLE_IDENTIFIER = "dev.mxcl.$(PRODUCT_NAME:rfc1034identifier)";
				PRODUCT_NAME = OMGHTTPURLRQ;
				SDKROOT = watchos;
				TARGETED_DEVICE_FAMILY = "1,2";
			};
			name = Release;
		};
		63EDFE6B1A7FFCF10030F974 /* Debug */ = {
			isa = XCBuildConfiguration;
			buildSettings = {
				ALWAYS_SEARCH_USER_PATHS = NO;
				APPLICATION_EXTENSION_API_ONLY = YES;
				CLANG_ENABLE_MODULES = YES;
				CLANG_ENABLE_OBJC_ARC = YES;
				CLANG_WARN_BOOL_CONVERSION = YES;
				CLANG_WARN_CONSTANT_CONVERSION = YES;
				CLANG_WARN_DIRECT_OBJC_ISA_USAGE = YES_ERROR;
				CLANG_WARN_EMPTY_BODY = YES;
				CLANG_WARN_ENUM_CONVERSION = YES;
				CLANG_WARN_INT_CONVERSION = YES;
				CLANG_WARN_OBJC_ROOT_CLASS = YES_ERROR;
				CLANG_WARN_UNREACHABLE_CODE = YES;
				CLANG_WARN__DUPLICATE_METHOD_MATCH = YES;
				COMBINE_HIDPI_IMAGES = YES;
				COPY_PHASE_STRIP = NO;
				CURRENT_PROJECT_VERSION = 4.0.0;
				DEFINES_MODULE = YES;
				DYLIB_COMPATIBILITY_VERSION = 1;
				DYLIB_CURRENT_VERSION = 4.0.0;
				DYLIB_INSTALL_NAME_BASE = "@rpath";
				ENABLE_STRICT_OBJC_MSGSEND = YES;
				ENABLE_TESTABILITY = YES;
				GCC_OPTIMIZATION_LEVEL = 0;
				GCC_PREPROCESSOR_DEFINITIONS = "DEBUG=1";
				GCC_WARN_64_TO_32_BIT_CONVERSION = YES;
				GCC_WARN_ABOUT_RETURN_TYPE = YES_ERROR;
				GCC_WARN_UNDECLARED_SELECTOR = YES;
				GCC_WARN_UNINITIALIZED_AUTOS = YES_AGGRESSIVE;
				GCC_WARN_UNUSED_FUNCTION = YES;
				GCC_WARN_UNUSED_VARIABLE = YES;
				INFOPLIST_FILE = "$(SRCROOT)/Info.plist";
				IPHONEOS_DEPLOYMENT_TARGET = 8.0;
				LD_RUNPATH_SEARCH_PATHS = "@executable_path/Frameworks @loader_path/Frameworks";
				MACOSX_DEPLOYMENT_TARGET = 10.9;
				ONLY_ACTIVE_ARCH = YES;
				PRODUCT_MODULE_NAME = "$(PRODUCT_NAME:c99extidentifier)";
				PRODUCT_NAME = OMGHTTPURLRQ;
				SKIP_INSTALL = YES;
				VERSIONING_SYSTEM = "apple-generic";
			};
			name = Debug;
		};
		63EDFE6C1A7FFCF10030F974 /* Release */ = {
			isa = XCBuildConfiguration;
			buildSettings = {
				ALWAYS_SEARCH_USER_PATHS = NO;
				APPLICATION_EXTENSION_API_ONLY = YES;
				CLANG_ENABLE_MODULES = YES;
				CLANG_ENABLE_OBJC_ARC = YES;
				CLANG_WARN_BOOL_CONVERSION = YES;
				CLANG_WARN_CONSTANT_CONVERSION = YES;
				CLANG_WARN_DIRECT_OBJC_ISA_USAGE = YES_ERROR;
				CLANG_WARN_EMPTY_BODY = YES;
				CLANG_WARN_ENUM_CONVERSION = YES;
				CLANG_WARN_INT_CONVERSION = YES;
				CLANG_WARN_OBJC_ROOT_CLASS = YES_ERROR;
				CLANG_WARN_UNREACHABLE_CODE = YES;
				CLANG_WARN__DUPLICATE_METHOD_MATCH = YES;
				COMBINE_HIDPI_IMAGES = YES;
				CURRENT_PROJECT_VERSION = 4.0.0;
				DEFINES_MODULE = YES;
				DYLIB_COMPATIBILITY_VERSION = 1;
				DYLIB_CURRENT_VERSION = 4.0.0;
				DYLIB_INSTALL_NAME_BASE = "@rpath";
				ENABLE_NS_ASSERTIONS = NO;
				ENABLE_STRICT_OBJC_MSGSEND = YES;
				GCC_WARN_64_TO_32_BIT_CONVERSION = YES;
				GCC_WARN_ABOUT_RETURN_TYPE = YES_ERROR;
				GCC_WARN_UNDECLARED_SELECTOR = YES;
				GCC_WARN_UNINITIALIZED_AUTOS = YES_AGGRESSIVE;
				GCC_WARN_UNUSED_FUNCTION = YES;
				GCC_WARN_UNUSED_VARIABLE = YES;
				INFOPLIST_FILE = "$(SRCROOT)/Info.plist";
				IPHONEOS_DEPLOYMENT_TARGET = 8.0;
				LD_RUNPATH_SEARCH_PATHS = "@executable_path/Frameworks @loader_path/Frameworks";
				MACOSX_DEPLOYMENT_TARGET = 10.9;
				PRODUCT_MODULE_NAME = "$(PRODUCT_NAME:c99extidentifier)";
				PRODUCT_NAME = OMGHTTPURLRQ;
				SKIP_INSTALL = YES;
				VALIDATE_PRODUCT = YES;
				VERSIONING_SYSTEM = "apple-generic";
			};
			name = Release;
		};
		63EDFE871A7FFD0E0030F974 /* Debug */ = {
			isa = XCBuildConfiguration;
			buildSettings = {
				CLANG_ENABLE_MODULES = YES;
				DEFINES_MODULE = YES;
				LD_RUNPATH_SEARCH_PATHS = "$(inherited) @executable_path/Frameworks @loader_path/Frameworks";
				PRODUCT_BUNDLE_IDENTIFIER = "dev.mxcl.$(PRODUCT_NAME:rfc1034identifier)";
				PROVISIONING_PROFILE = "";
				SDKROOT = iphoneos;
				SWIFT_OPTIMIZATION_LEVEL = "-Onone";
				TARGETED_DEVICE_FAMILY = "1,2";
			};
			name = Debug;
		};
		63EDFE881A7FFD0E0030F974 /* Release */ = {
			isa = XCBuildConfiguration;
			buildSettings = {
				CLANG_ENABLE_MODULES = YES;
				DEFINES_MODULE = YES;
				LD_RUNPATH_SEARCH_PATHS = "$(inherited) @executable_path/Frameworks @loader_path/Frameworks";
				PRODUCT_BUNDLE_IDENTIFIER = "dev.mxcl.$(PRODUCT_NAME:rfc1034identifier)";
				PROVISIONING_PROFILE = "";
				SDKROOT = iphoneos;
				TARGETED_DEVICE_FAMILY = "1,2";
			};
			name = Release;
		};
		63EDFE8A1A7FFD0E0030F974 /* Debug */ = {
			isa = XCBuildConfiguration;
			buildSettings = {
				APPLICATION_EXTENSION_API_ONLY = NO;
				CLANG_ENABLE_MODULES = YES;
				INFOPLIST_FILE = "Tests/Tests-Info.plist";
				LD_RUNPATH_SEARCH_PATHS = "$(inherited) @executable_path/../Frameworks @loader_path/../Frameworks";
				PRODUCT_BUNDLE_IDENTIFIER = "dev.mxcl.$(PRODUCT_NAME:rfc1034identifier)";
				PRODUCT_NAME = "$(TARGET_NAME)";
				SDKROOT = macosx;
				SWIFT_OPTIMIZATION_LEVEL = "-Onone";
			};
			name = Debug;
		};
		63EDFE8B1A7FFD0E0030F974 /* Release */ = {
			isa = XCBuildConfiguration;
			buildSettings = {
				APPLICATION_EXTENSION_API_ONLY = NO;
				CLANG_ENABLE_MODULES = YES;
				INFOPLIST_FILE = "Tests/Tests-Info.plist";
				LD_RUNPATH_SEARCH_PATHS = "$(inherited) @executable_path/../Frameworks @loader_path/../Frameworks";
				PRODUCT_BUNDLE_IDENTIFIER = "dev.mxcl.$(PRODUCT_NAME:rfc1034identifier)";
				PRODUCT_NAME = "$(TARGET_NAME)";
				SDKROOT = macosx;
			};
			name = Release;
		};
		63F804321AB8AAA300E4DEE1 /* Debug */ = {
			isa = XCBuildConfiguration;
			buildSettings = {
				CLANG_ENABLE_MODULES = YES;
				DEFINES_MODULE = YES;
				GCC_C_LANGUAGE_STANDARD = gnu99;
				LD_RUNPATH_SEARCH_PATHS = "$(inherited) @executable_path/../Frameworks @loader_path/Frameworks";
				PRODUCT_BUNDLE_IDENTIFIER = "dev.mxcl.$(PRODUCT_NAME:rfc1034identifier)";
				SDKROOT = macosx;
				SWIFT_OPTIMIZATION_LEVEL = "-Onone";
			};
			name = Debug;
		};
		63F804331AB8AAA300E4DEE1 /* Release */ = {
			isa = XCBuildConfiguration;
			buildSettings = {
				CLANG_ENABLE_MODULES = YES;
				DEFINES_MODULE = YES;
				GCC_C_LANGUAGE_STANDARD = gnu99;
				LD_RUNPATH_SEARCH_PATHS = "$(inherited) @executable_path/../Frameworks @loader_path/Frameworks";
				PRODUCT_BUNDLE_IDENTIFIER = "dev.mxcl.$(PRODUCT_NAME:rfc1034identifier)";
				SDKROOT = macosx;
			};
			name = Release;
		};
/* End XCBuildConfiguration section */

/* Begin XCConfigurationList section */
		43EDF3CE1BCC3C0900159436 /* Build configuration list for PBXNativeTarget "OMGwatchOS" */ = {
			isa = XCConfigurationList;
			buildConfigurations = (
				43EDF3CF1BCC3C0900159436 /* Debug */,
				43EDF3D01BCC3C0900159436 /* Release */,
			);
			defaultConfigurationIsVisible = 0;
			defaultConfigurationName = Release;
		};
		63EDFE6A1A7FFCF10030F974 /* Build configuration list for PBXProject "OMGHTTPURLRQ" */ = {
			isa = XCConfigurationList;
			buildConfigurations = (
				63EDFE6B1A7FFCF10030F974 /* Debug */,
				63EDFE6C1A7FFCF10030F974 /* Release */,
			);
			defaultConfigurationIsVisible = 0;
			defaultConfigurationName = Release;
		};
		63EDFE861A7FFD0E0030F974 /* Build configuration list for PBXNativeTarget "OMGiOS" */ = {
			isa = XCConfigurationList;
			buildConfigurations = (
				63EDFE871A7FFD0E0030F974 /* Debug */,
				63EDFE881A7FFD0E0030F974 /* Release */,
			);
			defaultConfigurationIsVisible = 0;
			defaultConfigurationName = Release;
		};
		63EDFE891A7FFD0E0030F974 /* Build configuration list for PBXNativeTarget "OMGTest" */ = {
			isa = XCConfigurationList;
			buildConfigurations = (
				63EDFE8A1A7FFD0E0030F974 /* Debug */,
				63EDFE8B1A7FFD0E0030F974 /* Release */,
			);
			defaultConfigurationIsVisible = 0;
			defaultConfigurationName = Release;
		};
		63F804311AB8AAA300E4DEE1 /* Build configuration list for PBXNativeTarget "OMGOSX" */ = {
			isa = XCConfigurationList;
			buildConfigurations = (
				63F804321AB8AAA300E4DEE1 /* Debug */,
				63F804331AB8AAA300E4DEE1 /* Release */,
			);
			defaultConfigurationIsVisible = 0;
			defaultConfigurationName = Release;
		};
/* End XCConfigurationList section */
	};
	rootObject = 63EDFE671A7FFCF10030F974 /* Project object */;
}
